
Microsoft Visual Studio Solution File, Format Version 12.00
# Visual Studio 15
VisualStudioVersion = 15.0.28307.102
MinimumVisualStudioVersion = 10.0.40219.1
Project("{FAE04EC0-301F-11D3-BF4B-00C04F79EFBC}") = "battleships_xtreme_2k19", "battleships_xtreme_2k19\battleships_xtreme_2k19.csproj", "{678A8F78-3EB7-4CF0-B68C-A1F18F168FE9}"
EndProject
Global
	GlobalSection(SolutionConfigurationPlatforms) = preSolution
		Debug|Any CPU = Debug|Any CPU
		Release|Any CPU = Release|Any CPU
	EndGlobalSection
	GlobalSection(ProjectConfigurationPlatforms) = postSolution
		{678A8F78-3EB7-4CF0-B68C-A1F18F168FE9}.Debug|Any CPU.ActiveCfg = Debug|Any CPU
		{678A8F78-3EB7-4CF0-B68C-A1F18F168FE9}.Debug|Any CPU.Build.0 = Debug|Any CPU
		{678A8F78-3EB7-4CF0-B68C-A1F18F168FE9}.Release|Any CPU.ActiveCfg = Release|Any CPU
		{678A8F78-3EB7-4CF0-B68C-A1F18F168FE9}.Release|Any CPU.Build.0 = Release|Any CPU
	EndGlobalSection
	GlobalSection(SolutionProperties) = preSolution
		HideSolutionNode = FALSE
	EndGlobalSection
	GlobalSection(ExtensibilityGlobals) = postSolution
		SolutionGuid = {67FA8C79-A05C-4A51-98AA-D5F3817DE34B}
	EndGlobalSection
EndGlobal
